
Microsoft Visual Studio Solution File, Format Version 12.00
# Visual Studio Version 17
VisualStudioVersion = 17.7.34202.233
MinimumVisualStudioVersion = 10.0.40219.1
Project("{9A19103F-16F7-4668-BE54-9A1E7A4F7556}") = "CleanArchMvc.Domain", "CleanArchMvc.Domain\CleanArchMvc.Domain.csproj", "{099FB09B-F784-4629-8FFF-804AEC822AB8}"
EndProject
Project("{9A19103F-16F7-4668-BE54-9A1E7A4F7556}") = "CleanArchMvc.Application", "..\CleanArchMvc.Application\CleanArchMvc.Application.csproj", "{1C9629B8-3F60-4C49-990F-6A69739FB61B}"
EndProject
Project("{9A19103F-16F7-4668-BE54-9A1E7A4F7556}") = "CleanArchMvc.Infra.Data", "..\CleanArchMvc.Infra.Data\CleanArchMvc.Infra.Data.csproj", "{A5E9E7E6-5D61-4866-A397-E2A5C3202E0E}"
EndProject
Project("{9A19103F-16F7-4668-BE54-9A1E7A4F7556}") = "CleanArchMvc.Infra.IoC", "..\CleanArchMvc.Infra.IoC\CleanArchMvc.Infra.IoC.csproj", "{384DF261-E5A5-4EEC-AFE6-C236319FE8EB}"
EndProject
Project("{9A19103F-16F7-4668-BE54-9A1E7A4F7556}") = "CleanArchMvc.WebUI", "..\CleanArchMvc.WebUI\CleanArchMvc.WebUI.csproj", "{6CB70116-D0F1-4D31-BED1-9B36305AC2D6}"
EndProject
Project("{FAE04EC0-301F-11D3-BF4B-00C04F79EFBC}") = "CleanArchMvc.Domain.Tests", "..\CleanArchMvc.Domain.Tests\CleanArchMvc.Domain.Tests.csproj", "{8C9A9194-97D3-4E85-AC43-C1E5C74041B4}"
EndProject
Global
	GlobalSection(SolutionConfigurationPlatforms) = preSolution
		Debug|Any CPU = Debug|Any CPU
		Release|Any CPU = Release|Any CPU
	EndGlobalSection
	GlobalSection(ProjectConfigurationPlatforms) = postSolution
		{099FB09B-F784-4629-8FFF-804AEC822AB8}.Debug|Any CPU.ActiveCfg = Debug|Any CPU
		{099FB09B-F784-4629-8FFF-804AEC822AB8}.Debug|Any CPU.Build.0 = Debug|Any CPU
		{099FB09B-F784-4629-8FFF-804AEC822AB8}.Release|Any CPU.ActiveCfg = Release|Any CPU
		{099FB09B-F784-4629-8FFF-804AEC822AB8}.Release|Any CPU.Build.0 = Release|Any CPU
		{1C9629B8-3F60-4C49-990F-6A69739FB61B}.Debug|Any CPU.ActiveCfg = Debug|Any CPU
		{1C9629B8-3F60-4C49-990F-6A69739FB61B}.Debug|Any CPU.Build.0 = Debug|Any CPU
		{1C9629B8-3F60-4C49-990F-6A69739FB61B}.Release|Any CPU.ActiveCfg = Release|Any CPU
		{1C9629B8-3F60-4C49-990F-6A69739FB61B}.Release|Any CPU.Build.0 = Release|Any CPU
		{A5E9E7E6-5D61-4866-A397-E2A5C3202E0E}.Debug|Any CPU.ActiveCfg = Debug|Any CPU
		{A5E9E7E6-5D61-4866-A397-E2A5C3202E0E}.Debug|Any CPU.Build.0 = Debug|Any CPU
		{A5E9E7E6-5D61-4866-A397-E2A5C3202E0E}.Release|Any CPU.ActiveCfg = Release|Any CPU
		{A5E9E7E6-5D61-4866-A397-E2A5C3202E0E}.Release|Any CPU.Build.0 = Release|Any CPU
		{384DF261-E5A5-4EEC-AFE6-C236319FE8EB}.Debug|Any CPU.ActiveCfg = Debug|Any CPU
		{384DF261-E5A5-4EEC-AFE6-C236319FE8EB}.Debug|Any CPU.Build.0 = Debug|Any CPU
		{384DF261-E5A5-4EEC-AFE6-C236319FE8EB}.Release|Any CPU.ActiveCfg = Release|Any CPU
		{384DF261-E5A5-4EEC-AFE6-C236319FE8EB}.Release|Any CPU.Build.0 = Release|Any CPU
		{6CB70116-D0F1-4D31-BED1-9B36305AC2D6}.Debug|Any CPU.ActiveCfg = Debug|Any CPU
		{6CB70116-D0F1-4D31-BED1-9B36305AC2D6}.Debug|Any CPU.Build.0 = Debug|Any CPU
		{6CB70116-D0F1-4D31-BED1-9B36305AC2D6}.Release|Any CPU.ActiveCfg = Release|Any CPU
		{6CB70116-D0F1-4D31-BED1-9B36305AC2D6}.Release|Any CPU.Build.0 = Release|Any CPU
		{8C9A9194-97D3-4E85-AC43-C1E5C74041B4}.Debug|Any CPU.ActiveCfg = Debug|Any CPU
		{8C9A9194-97D3-4E85-AC43-C1E5C74041B4}.Debug|Any CPU.Build.0 = Debug|Any CPU
		{8C9A9194-97D3-4E85-AC43-C1E5C74041B4}.Release|Any CPU.ActiveCfg = Release|Any CPU
		{8C9A9194-97D3-4E85-AC43-C1E5C74041B4}.Release|Any CPU.Build.0 = Release|Any CPU
	EndGlobalSection
	GlobalSection(SolutionProperties) = preSolution
		HideSolutionNode = FALSE
	EndGlobalSection
	GlobalSection(ExtensibilityGlobals) = postSolution
		SolutionGuid = {DD76A138-2DE0-4B71-89B1-71DFDC9CF1F7}
	EndGlobalSection
EndGlobal
